
Microsoft Visual Studio Solution File, Format Version 12.00
# Visual Studio Version 16
VisualStudioVersion = 16.0.32602.291
MinimumVisualStudioVersion = 10.0.40219.1
Project("{FAE04EC0-301F-11D3-BF4B-00C04F79EFBC}") = "SistemaEstudo", "SistemaEstudo\SistemaEstudo.csproj", "{099BCFBA-D49A-4A2B-B510-A19538EE0742}"
EndProject
Global
	GlobalSection(SolutionConfigurationPlatforms) = preSolution
		Debug|Any CPU = Debug|Any CPU
		Release|Any CPU = Release|Any CPU
	EndGlobalSection
	GlobalSection(ProjectConfigurationPlatforms) = postSolution
		{099BCFBA-D49A-4A2B-B510-A19538EE0742}.Debug|Any CPU.ActiveCfg = Debug|Any CPU
		{099BCFBA-D49A-4A2B-B510-A19538EE0742}.Debug|Any CPU.Build.0 = Debug|Any CPU
		{099BCFBA-D49A-4A2B-B510-A19538EE0742}.Release|Any CPU.ActiveCfg = Release|Any CPU
		{099BCFBA-D49A-4A2B-B510-A19538EE0742}.Release|Any CPU.Build.0 = Release|Any CPU
	EndGlobalSection
	GlobalSection(SolutionProperties) = preSolution
		HideSolutionNode = FALSE
	EndGlobalSection
	GlobalSection(ExtensibilityGlobals) = postSolution
		SolutionGuid = {26789B58-E754-44DC-9680-0F05137F4A79}
	EndGlobalSection
EndGlobal
